
Microsoft Visual Studio Solution File, Format Version 12.00
# Visual Studio 2013
VisualStudioVersion = 12.0.31101.0
MinimumVisualStudioVersion = 10.0.40219.1
Project("{FAE04EC0-301F-11D3-BF4B-00C04F79EFBC}") = "Atelier.ASP.NET Application", "ASP.NET\Atelier.ASP.NET Application.csproj", "{C46B704B-2BE4-4224-8868-84DFD0FF2A26}"
EndProject
Project("{FAE04EC0-301F-11D3-BF4B-00C04F79EFBC}") = "Atelier.BusinessServers", "BusinessServers\Atelier.BusinessServers.csproj", "{5CAE49BE-9F95-420D-A81B-0287AA930709}"
EndProject
Project("{FAE04EC0-301F-11D3-BF4B-00C04F79EFBC}") = "Atelier.Objects", "Objects\Atelier.Objects.csproj", "{550128F7-A7B7-4623-9DCB-E964BC7DA06B}"
EndProject
Global
	GlobalSection(SolutionConfigurationPlatforms) = preSolution
Debug|Any CPU = Debug|Any CPU
Release|Any CPU = Release|Any CPU
	EndGlobalSection
	GlobalSection(ProjectConfigurationPlatforms) = postSolution
		{C46B704B-2BE4-4224-8868-84DFD0FF2A26}.Debug|Any CPU.ActiveCfg = Debug|Any CPU
		{C46B704B-2BE4-4224-8868-84DFD0FF2A26}.Debug|Any CPU.Build.0 = Debug|Any CPU
		{C46B704B-2BE4-4224-8868-84DFD0FF2A26}.Release|Any CPU.ActiveCfg = Release|Any CPU
		{C46B704B-2BE4-4224-8868-84DFD0FF2A26}.Release|Any CPU.Build.0 = Release|Any CPU
		{5CAE49BE-9F95-420D-A81B-0287AA930709}.Debug|Any CPU.ActiveCfg = Debug|Any CPU
		{5CAE49BE-9F95-420D-A81B-0287AA930709}.Debug|Any CPU.Build.0 = Debug|Any CPU
		{5CAE49BE-9F95-420D-A81B-0287AA930709}.Release|Any CPU.ActiveCfg = Release|Any CPU
		{5CAE49BE-9F95-420D-A81B-0287AA930709}.Release|Any CPU.Build.0 = Release|Any CPU
		{550128F7-A7B7-4623-9DCB-E964BC7DA06B}.Debug|Any CPU.ActiveCfg = Debug|Any CPU
		{550128F7-A7B7-4623-9DCB-E964BC7DA06B}.Debug|Any CPU.Build.0 = Debug|Any CPU
		{550128F7-A7B7-4623-9DCB-E964BC7DA06B}.Release|Any CPU.ActiveCfg = Release|Any CPU
		{550128F7-A7B7-4623-9DCB-E964BC7DA06B}.Release|Any CPU.Build.0 = Release|Any CPU
	EndGlobalSection
	GlobalSection(SolutionProperties) = preSolution
		HideSolutionNode = FALSE
	EndGlobalSection
EndGlobal
