
Microsoft Visual Studio Solution File, Format Version 12.00
# Visual Studio 2013
VisualStudioVersion = 12.0.31101.0
MinimumVisualStudioVersion = 10.0.40219.1
Project("{FAE04EC0-301F-11D3-BF4B-00C04F79EFBC}") = "Atelier.ASP.NET Application", "ASP.NET\Atelier.ASP.NET Application.csproj", "{C56903AB-D92A-4EF6-9FDF-40301692B214}"
EndProject
Project("{FAE04EC0-301F-11D3-BF4B-00C04F79EFBC}") = "Atelier.BusinessServers", "BusinessServers\Atelier.BusinessServers.csproj", "{BF05B667-6104-4A94-AF43-182328F2A9DF}"
EndProject
Project("{FAE04EC0-301F-11D3-BF4B-00C04F79EFBC}") = "Atelier.Objects", "Objects\Atelier.Objects.csproj", "{2F5BE1FE-3ABD-414A-A09D-B199E50CC659}"
EndProject
Global
	GlobalSection(SolutionConfigurationPlatforms) = preSolution
Debug|Any CPU = Debug|Any CPU
Release|Any CPU = Release|Any CPU
	EndGlobalSection
	GlobalSection(ProjectConfigurationPlatforms) = postSolution
		{C56903AB-D92A-4EF6-9FDF-40301692B214}.Debug|Any CPU.ActiveCfg = Debug|Any CPU
		{C56903AB-D92A-4EF6-9FDF-40301692B214}.Debug|Any CPU.Build.0 = Debug|Any CPU
		{C56903AB-D92A-4EF6-9FDF-40301692B214}.Release|Any CPU.ActiveCfg = Release|Any CPU
		{C56903AB-D92A-4EF6-9FDF-40301692B214}.Release|Any CPU.Build.0 = Release|Any CPU
		{BF05B667-6104-4A94-AF43-182328F2A9DF}.Debug|Any CPU.ActiveCfg = Debug|Any CPU
		{BF05B667-6104-4A94-AF43-182328F2A9DF}.Debug|Any CPU.Build.0 = Debug|Any CPU
		{BF05B667-6104-4A94-AF43-182328F2A9DF}.Release|Any CPU.ActiveCfg = Release|Any CPU
		{BF05B667-6104-4A94-AF43-182328F2A9DF}.Release|Any CPU.Build.0 = Release|Any CPU
		{2F5BE1FE-3ABD-414A-A09D-B199E50CC659}.Debug|Any CPU.ActiveCfg = Debug|Any CPU
		{2F5BE1FE-3ABD-414A-A09D-B199E50CC659}.Debug|Any CPU.Build.0 = Debug|Any CPU
		{2F5BE1FE-3ABD-414A-A09D-B199E50CC659}.Release|Any CPU.ActiveCfg = Release|Any CPU
		{2F5BE1FE-3ABD-414A-A09D-B199E50CC659}.Release|Any CPU.Build.0 = Release|Any CPU
	EndGlobalSection
	GlobalSection(SolutionProperties) = preSolution
		HideSolutionNode = FALSE
	EndGlobalSection
EndGlobal
